// !$*UTF8*$!
{
	archiveVersion = 1;
	classes = {
	};
	objectVersion = 56;
	objects = {

/* Begin PBXBuildFile section */
		4D2B0B182ABAFFB000EC181E /* AndaluhApp.swift in Sources */ = {isa = PBXBuildFile; fileRef = 4D2B0B172ABAFFB000EC181E /* AndaluhApp.swift */; };
		4D2B0B1A2ABAFFB000EC181E /* ContentView.swift in Sources */ = {isa = PBXBuildFile; fileRef = 4D2B0B192ABAFFB000EC181E /* ContentView.swift */; };
		4D2B0B1C2ABAFFB300EC181E /* Assets.xcassets in Resources */ = {isa = PBXBuildFile; fileRef = 4D2B0B1B2ABAFFB300EC181E /* Assets.xcassets */; };
		4D2B0B1F2ABAFFB300EC181E /* Preview Assets.xcassets in Resources */ = {isa = PBXBuildFile; fileRef = 4D2B0B1E2ABAFFB300EC181E /* Preview Assets.xcassets */; };
		4D2B0B262ABB019600EC181E /* swiftandaluhFFI.xcframework in Frameworks */ = {isa = PBXBuildFile; fileRef = 4D2B0B252ABB019600EC181E /* swiftandaluhFFI.xcframework */; };
		4D2B0B282ABB038700EC181E /* swiftandaluh.swift in Sources */ = {isa = PBXBuildFile; fileRef = 4D2B0B272ABB038700EC181E /* swiftandaluh.swift */; };
/* End PBXBuildFile section */

/* Begin PBXFileReference section */
		4D2B0B142ABAFFB000EC181E /* Andaluh.app */ = {isa = PBXFileReference; explicitFileType = wrapper.application; includeInIndex = 0; path = Andaluh.app; sourceTree = BUILT_PRODUCTS_DIR; };
		4D2B0B172ABAFFB000EC181E /* AndaluhApp.swift */ = {isa = PBXFileReference; lastKnownFileType = sourcecode.swift; path = AndaluhApp.swift; sourceTree = "<group>"; };
		4D2B0B192ABAFFB000EC181E /* ContentView.swift */ = {isa = PBXFileReference; lastKnownFileType = sourcecode.swift; path = ContentView.swift; sourceTree = "<group>"; };
		4D2B0B1B2ABAFFB300EC181E /* Assets.xcassets */ = {isa = PBXFileReference; lastKnownFileType = folder.assetcatalog; path = Assets.xcassets; sourceTree = "<group>"; };
		4D2B0B1E2ABAFFB300EC181E /* Preview Assets.xcassets */ = {isa = PBXFileReference; lastKnownFileType = folder.assetcatalog; path = "Preview Assets.xcassets"; sourceTree = "<group>"; };
		4D2B0B252ABB019600EC181E /* swiftandaluhFFI.xcframework */ = {isa = PBXFileReference; lastKnownFileType = wrapper.xcframework; name = swiftandaluhFFI.xcframework; path = ../target/swiftandaluhFFI.xcframework; sourceTree = "<group>"; };
		4D2B0B272ABB038700EC181E /* swiftandaluh.swift */ = {isa = PBXFileReference; fileEncoding = 4; lastKnownFileType = sourcecode.swift; name = swiftandaluh.swift; path = ../../include/swiftandaluh.swift; sourceTree = "<group>"; };
/* End PBXFileReference section */

/* Begin PBXFrameworksBuildPhase section */
		4D2B0B112ABAFFB000EC181E /* Frameworks */ = {
			isa = PBXFrameworksBuildPhase;
			buildActionMask = 2147483647;
			files = (
				4D2B0B262ABB019600EC181E /* swiftandaluhFFI.xcframework in Frameworks */,
			);
			runOnlyForDeploymentPostprocessing = 0;
		};
/* End PBXFrameworksBuildPhase section */

/* Begin PBXGroup section */
		4D2B0B0B2ABAFFB000EC181E = {
			isa = PBXGroup;
			children = (
				4D2B0B252ABB019600EC181E /* swiftandaluhFFI.xcframework */,
				4D2B0B162ABAFFB000EC181E /* Andaluh */,
				4D2B0B152ABAFFB000EC181E /* Products */,
			);
			sourceTree = "<group>";
		};
		4D2B0B152ABAFFB000EC181E /* Products */ = {
			isa = PBXGroup;
			children = (
				4D2B0B142ABAFFB000EC181E /* Andaluh.app */,
			);
			name = Products;
			sourceTree = "<group>";
		};
		4D2B0B162ABAFFB000EC181E /* Andaluh */ = {
			isa = PBXGroup;
			children = (
				4D2B0B272ABB038700EC181E /* swiftandaluh.swift */,
				4D2B0B172ABAFFB000EC181E /* AndaluhApp.swift */,
				4D2B0B192ABAFFB000EC181E /* ContentView.swift */,
				4D2B0B1B2ABAFFB300EC181E /* Assets.xcassets */,
				4D2B0B1D2ABAFFB300EC181E /* Preview Content */,
			);
			path = Andaluh;
			sourceTree = "<group>";
		};
		4D2B0B1D2ABAFFB300EC181E /* Preview Content */ = {
			isa = PBXGroup;
			children = (
				4D2B0B1E2ABAFFB300EC181E /* Preview Assets.xcassets */,
			);
			path = "Preview Content";
			sourceTree = "<group>";
		};
/* End PBXGroup section */

/* Begin PBXNativeTarget section */
		4D2B0B132ABAFFB000EC181E /* Andaluh */ = {
			isa = PBXNativeTarget;
			buildConfigurationList = 4D2B0B222ABAFFB300EC181E /* Build configuration list for PBXNativeTarget "Andaluh" */;
			buildPhases = (
				4D2B0B102ABAFFB000EC181E /* Sources */,
				4D2B0B112ABAFFB000EC181E /* Frameworks */,
				4D2B0B122ABAFFB000EC181E /* Resources */,
			);
			buildRules = (
			);
			dependencies = (
			);
			name = Andaluh;
			productName = Andaluh;
			productReference = 4D2B0B142ABAFFB000EC181E /* Andaluh.app */;
			productType = "com.apple.product-type.application";
		};
/* End PBXNativeTarget section */

/* Begin PBXProject section */
		4D2B0B0C2ABAFFB000EC181E /* Project object */ = {
			isa = PBXProject;
			attributes = {
				BuildIndependentTargetsInParallel = 1;
				LastSwiftUpdateCheck = 1500;
				LastUpgradeCheck = 1500;
				TargetAttributes = {
					4D2B0B132ABAFFB000EC181E = {
						CreatedOnToolsVersion = 15.0;
					};
				};
			};
			buildConfigurationList = 4D2B0B0F2ABAFFB000EC181E /* Build configuration list for PBXProject "Andaluh" */;
			compatibilityVersion = "Xcode 14.0";
			developmentRegion = en;
			hasScannedForEncodings = 0;
			knownRegions = (
				en,
				Base,
			);
			mainGroup = 4D2B0B0B2ABAFFB000EC181E;
			productRefGroup = 4D2B0B152ABAFFB000EC181E /* Products */;
			projectDirPath = "";
			projectRoot = "";
			targets = (
				4D2B0B132ABAFFB000EC181E /* Andaluh */,
			);
		};
/* End PBXProject section */

/* Begin PBXResourcesBuildPhase section */
		4D2B0B122ABAFFB000EC181E /* Resources */ = {
			isa = PBXResourcesBuildPhase;
			buildActionMask = 2147483647;
			files = (
				4D2B0B1F2ABAFFB300EC181E /* Preview Assets.xcassets in Resources */,
				4D2B0B1C2ABAFFB300EC181E /* Assets.xcassets in Resources */,
			);
			runOnlyForDeploymentPostprocessing = 0;
		};
/* End PBXResourcesBuildPhase section */

/* Begin PBXSourcesBuildPhase section */
		4D2B0B102ABAFFB000EC181E /* Sources */ = {
			isa = PBXSourcesBuildPhase;
			buildActionMask = 2147483647;
			files = (
				4D2B0B1A2ABAFFB000EC181E /* ContentView.swift in Sources */,
				4D2B0B182ABAFFB000EC181E /* AndaluhApp.swift in Sources */,
				4D2B0B282ABB038700EC181E /* swiftandaluh.swift in Sources */,
			);
			runOnlyForDeploymentPostprocessing = 0;
		};
/* End PBXSourcesBuildPhase section */

/* Begin XCBuildConfiguration section */
		4D2B0B202ABAFFB300EC181E /* Debug */ = {
			isa = XCBuildConfiguration;
			buildSettings = {
				ALWAYS_SEARCH_USER_PATHS = NO;
				ASSETCATALOG_COMPILER_GENERATE_SWIFT_ASSET_SYMBOL_EXTENSIONS = YES;
				CLANG_ANALYZER_NONNULL = YES;
				CLANG_ANALYZER_NUMBER_OBJECT_CONVERSION = YES_AGGRESSIVE;
				CLANG_CXX_LANGUAGE_STANDARD = "gnu++20";
				CLANG_ENABLE_MODULES = YES;
				CLANG_ENABLE_OBJC_ARC = YES;
				CLANG_ENABLE_OBJC_WEAK = YES;
				CLANG_WARN_BLOCK_CAPTURE_AUTORELEASING = YES;
				CLANG_WARN_BOOL_CONVERSION = YES;
				CLANG_WARN_COMMA = YES;
				CLANG_WARN_CONSTANT_CONVERSION = YES;
				CLANG_WARN_DEPRECATED_OBJC_IMPLEMENTATIONS = YES;
				CLANG_WARN_DIRECT_OBJC_ISA_USAGE = YES_ERROR;
				CLANG_WARN_DOCUMENTATION_COMMENTS = YES;
				CLANG_WARN_EMPTY_BODY = YES;
				CLANG_WARN_ENUM_CONVERSION = YES;
				CLANG_WARN_INFINITE_RECURSION = YES;
				CLANG_WARN_INT_CONVERSION = YES;
				CLANG_WARN_NON_LITERAL_NULL_CONVERSION = YES;
				CLANG_WARN_OBJC_IMPLICIT_RETAIN_SELF = YES;
				CLANG_WARN_OBJC_LITERAL_CONVERSION = YES;
				CLANG_WARN_OBJC_ROOT_CLASS = YES_ERROR;
				CLANG_WARN_QUOTED_INCLUDE_IN_FRAMEWORK_HEADER = YES;
				CLANG_WARN_RANGE_LOOP_ANALYSIS = YES;
				CLANG_WARN_STRICT_PROTOTYPES = YES;
				CLANG_WARN_SUSPICIOUS_MOVE = YES;
				CLANG_WARN_UNGUARDED_AVAILABILITY = YES_AGGRESSIVE;
				CLANG_WARN_UNREACHABLE_CODE = YES;
				CLANG_WARN__DUPLICATE_METHOD_MATCH = YES;
				COPY_PHASE_STRIP = NO;
				DEBUG_INFORMATION_FORMAT = dwarf;
				ENABLE_STRICT_OBJC_MSGSEND = YES;
				ENABLE_TESTABILITY = YES;
				ENABLE_USER_SCRIPT_SANDBOXING = YES;
				GCC_C_LANGUAGE_STANDARD = gnu17;
				GCC_DYNAMIC_NO_PIC = NO;
				GCC_NO_COMMON_BLOCKS = YES;
				GCC_OPTIMIZATION_LEVEL = 0;
				GCC_PREPROCESSOR_DEFINITIONS = (
					"DEBUG=1",
					"$(inherited)",
				);
				GCC_WARN_64_TO_32_BIT_CONVERSION = YES;
				GCC_WARN_ABOUT_RETURN_TYPE = YES_ERROR;
				GCC_WARN_UNDECLARED_SELECTOR = YES;
				GCC_WARN_UNINITIALIZED_AUTOS = YES_AGGRESSIVE;
				GCC_WARN_UNUSED_FUNCTION = YES;
				GCC_WARN_UNUSED_VARIABLE = YES;
				IPHONEOS_DEPLOYMENT_TARGET = 17.0;
				LOCALIZATION_PREFERS_STRING_CATALOGS = YES;
				MTL_ENABLE_DEBUG_INFO = INCLUDE_SOURCE;
				MTL_FAST_MATH = YES;
				ONLY_ACTIVE_ARCH = YES;
				SDKROOT = iphoneos;
				SWIFT_ACTIVE_COMPILATION_CONDITIONS = "DEBUG $(inherited)";
				SWIFT_OPTIMIZATION_LEVEL = "-Onone";
			};
			name = Debug;
		};
		4D2B0B212ABAFFB300EC181E /* Release */ = {
			isa = XCBuildConfiguration;
			buildSettings = {
				ALWAYS_SEARCH_USER_PATHS = NO;
				ASSETCATALOG_COMPILER_GENERATE_SWIFT_ASSET_SYMBOL_EXTENSIONS = YES;
				CLANG_ANALYZER_NONNULL = YES;
				CLANG_ANALYZER_NUMBER_OBJECT_CONVERSION = YES_AGGRESSIVE;
				CLANG_CXX_LANGUAGE_STANDARD = "gnu++20";
				CLANG_ENABLE_MODULES = YES;
				CLANG_ENABLE_OBJC_ARC = YES;
				CLANG_ENABLE_OBJC_WEAK = YES;
				CLANG_WARN_BLOCK_CAPTURE_AUTORELEASING = YES;
				CLANG_WARN_BOOL_CONVERSION = YES;
				CLANG_WARN_COMMA = YES;
				CLANG_WARN_CONSTANT_CONVERSION = YES;
				CLANG_WARN_DEPRECATED_OBJC_IMPLEMENTATIONS = YES;
				CLANG_WARN_DIRECT_OBJC_ISA_USAGE = YES_ERROR;
				CLANG_WARN_DOCUMENTATION_COMMENTS = YES;
				CLANG_WARN_EMPTY_BODY = YES;
				CLANG_WARN_ENUM_CONVERSION = YES;
				CLANG_WARN_INFINITE_RECURSION = YES;
				CLANG_WARN_INT_CONVERSION = YES;
				CLANG_WARN_NON_LITERAL_NULL_CONVERSION = YES;
				CLANG_WARN_OBJC_IMPLICIT_RETAIN_SELF = YES;
				CLANG_WARN_OBJC_LITERAL_CONVERSION = YES;
				CLANG_WARN_OBJC_ROOT_CLASS = YES_ERROR;
				CLANG_WARN_QUOTED_INCLUDE_IN_FRAMEWORK_HEADER = YES;
				CLANG_WARN_RANGE_LOOP_ANALYSIS = YES;
				CLANG_WARN_STRICT_PROTOTYPES = YES;
				CLANG_WARN_SUSPICIOUS_MOVE = YES;
				CLANG_WARN_UNGUARDED_AVAILABILITY = YES_AGGRESSIVE;
				CLANG_WARN_UNREACHABLE_CODE = YES;
				CLANG_WARN__DUPLICATE_METHOD_MATCH = YES;
				COPY_PHASE_STRIP = NO;
				DEBUG_INFORMATION_FORMAT = "dwarf-with-dsym";
				ENABLE_NS_ASSERTIONS = NO;
				ENABLE_STRICT_OBJC_MSGSEND = YES;
				ENABLE_USER_SCRIPT_SANDBOXING = YES;
				GCC_C_LANGUAGE_STANDARD = gnu17;
				GCC_NO_COMMON_BLOCKS = YES;
				GCC_WARN_64_TO_32_BIT_CONVERSION = YES;
				GCC_WARN_ABOUT_RETURN_TYPE = YES_ERROR;
				GCC_WARN_UNDECLARED_SELECTOR = YES;
				GCC_WARN_UNINITIALIZED_AUTOS = YES_AGGRESSIVE;
				GCC_WARN_UNUSED_FUNCTION = YES;
				GCC_WARN_UNUSED_VARIABLE = YES;
				IPHONEOS_DEPLOYMENT_TARGET = 17.0;
				LOCALIZATION_PREFERS_STRING_CATALOGS = YES;
				MTL_ENABLE_DEBUG_INFO = NO;
				MTL_FAST_MATH = YES;
				SDKROOT = iphoneos;
				SWIFT_COMPILATION_MODE = wholemodule;
				VALIDATE_PRODUCT = YES;
			};
			name = Release;
		};
		4D2B0B232ABAFFB300EC181E /* Debug */ = {
			isa = XCBuildConfiguration;
			buildSettings = {
				ASSETCATALOG_COMPILER_APPICON_NAME = AppIcon;
				ASSETCATALOG_COMPILER_GLOBAL_ACCENT_COLOR_NAME = AccentColor;
				CODE_SIGN_STYLE = Automatic;
				CURRENT_PROJECT_VERSION = 1;
				DEVELOPMENT_ASSET_PATHS = "\"Andaluh/Preview Content\"";
				DEVELOPMENT_TEAM = 76VT9VZ6GK;
				ENABLE_PREVIEWS = YES;
				GENERATE_INFOPLIST_FILE = YES;
				INFOPLIST_KEY_UIApplicationSceneManifest_Generation = YES;
				INFOPLIST_KEY_UIApplicationSupportsIndirectInputEvents = YES;
				INFOPLIST_KEY_UILaunchScreen_Generation = YES;
				INFOPLIST_KEY_UISupportedInterfaceOrientations_iPad = "UIInterfaceOrientationPortrait UIInterfaceOrientationPortraitUpsideDown UIInterfaceOrientationLandscapeLeft UIInterfaceOrientationLandscapeRight";
				INFOPLIST_KEY_UISupportedInterfaceOrientations_iPhone = "UIInterfaceOrientationPortrait UIInterfaceOrientationLandscapeLeft UIInterfaceOrientationLandscapeRight";
				LD_RUNPATH_SEARCH_PATHS = (
					"$(inherited)",
					"@executable_path/Frameworks",
				);
				MARKETING_VERSION = 1.0;
				PRODUCT_BUNDLE_IDENTIFIER = com.stylemac.Andaluh;
				PRODUCT_NAME = "$(TARGET_NAME)";
				SWIFT_EMIT_LOC_STRINGS = YES;
				SWIFT_VERSION = 5.0;
				TARGETED_DEVICE_FAMILY = "1,2";
			};
			name = Debug;
		};
		4D2B0B242ABAFFB300EC181E /* Release */ = {
			isa = XCBuildConfiguration;
			buildSettings = {
				ASSETCATALOG_COMPILER_APPICON_NAME = AppIcon;
				ASSETCATALOG_COMPILER_GLOBAL_ACCENT_COLOR_NAME = AccentColor;
				CODE_SIGN_STYLE = Automatic;
				CURRENT_PROJECT_VERSION = 1;
				DEVELOPMENT_ASSET_PATHS = "\"Andaluh/Preview Content\"";
				DEVELOPMENT_TEAM = 76VT9VZ6GK;
				ENABLE_PREVIEWS = YES;
				GENERATE_INFOPLIST_FILE = YES;
				INFOPLIST_KEY_UIApplicationSceneManifest_Generation = YES;
				INFOPLIST_KEY_UIApplicationSupportsIndirectInputEvents = YES;
				INFOPLIST_KEY_UILaunchScreen_Generation = YES;
				INFOPLIST_KEY_UISupportedInterfaceOrientations_iPad = "UIInterfaceOrientationPortrait UIInterfaceOrientationPortraitUpsideDown UIInterfaceOrientationLandscapeLeft UIInterfaceOrientationLandscapeRight";
				INFOPLIST_KEY_UISupportedInterfaceOrientations_iPhone = "UIInterfaceOrientationPortrait UIInterfaceOrientationLandscapeLeft UIInterfaceOrientationLandscapeRight";
				LD_RUNPATH_SEARCH_PATHS = (
					"$(inherited)",
					"@executable_path/Frameworks",
				);
				MARKETING_VERSION = 1.0;
				PRODUCT_BUNDLE_IDENTIFIER = com.stylemac.Andaluh;
				PRODUCT_NAME = "$(TARGET_NAME)";
				SWIFT_EMIT_LOC_STRINGS = YES;
				SWIFT_VERSION = 5.0;
				TARGETED_DEVICE_FAMILY = "1,2";
			};
			name = Release;
		};
/* End XCBuildConfiguration section */

/* Begin XCConfigurationList section */
		4D2B0B0F2ABAFFB000EC181E /* Build configuration list for PBXProject "Andaluh" */ = {
			isa = XCConfigurationList;
			buildConfigurations = (
				4D2B0B202ABAFFB300EC181E /* Debug */,
				4D2B0B212ABAFFB300EC181E /* Release */,
			);
			defaultConfigurationIsVisible = 0;
			defaultConfigurationName = Release;
		};
		4D2B0B222ABAFFB300EC181E /* Build configuration list for PBXNativeTarget "Andaluh" */ = {
			isa = XCConfigurationList;
			buildConfigurations = (
				4D2B0B232ABAFFB300EC181E /* Debug */,
				4D2B0B242ABAFFB300EC181E /* Release */,
			);
			defaultConfigurationIsVisible = 0;
			defaultConfigurationName = Release;
		};
/* End XCConfigurationList section */
	};
	rootObject = 4D2B0B0C2ABAFFB000EC181E /* Project object */;
}
